
Microsoft Visual Studio Solution File, Format Version 12.00
# Visual Studio Version 17
VisualStudioVersion = 17.5.002.0
MinimumVisualStudioVersion = 10.0.40219.1
Project("{9A19103F-16F7-4668-BE54-9A1E7A4F7556}") = "AzureStorageScanner", "AzureStorageScanner.csproj", "{C7E5296F-161D-4B46-98DA-BE5B45BA05A0}"
EndProject
Global
	GlobalSection(SolutionConfigurationPlatforms) = preSolution
		Debug|Any CPU = Debug|Any CPU
		Release|Any CPU = Release|Any CPU
	EndGlobalSection
	GlobalSection(ProjectConfigurationPlatforms) = postSolution
		{C7E5296F-161D-4B46-98DA-BE5B45BA05A0}.Debug|Any CPU.ActiveCfg = Debug|Any CPU
		{C7E5296F-161D-4B46-98DA-BE5B45BA05A0}.Debug|Any CPU.Build.0 = Debug|Any CPU
		{C7E5296F-161D-4B46-98DA-BE5B45BA05A0}.Release|Any CPU.ActiveCfg = Release|Any CPU
		{C7E5296F-161D-4B46-98DA-BE5B45BA05A0}.Release|Any CPU.Build.0 = Release|Any CPU
	EndGlobalSection
	GlobalSection(SolutionProperties) = preSolution
		HideSolutionNode = FALSE
	EndGlobalSection
	GlobalSection(ExtensibilityGlobals) = postSolution
		SolutionGuid = {053729B0-91A2-416A-B5BB-2BCC325219A3}
	EndGlobalSection
EndGlobal
